
Microsoft Visual Studio Solution File, Format Version 11.00
# Visual Studio 2010
Project("{FAE04EC0-301F-11D3-BF4B-00C04F79EFBC}") = "robotProgramming", "robotProgramming.csproj", "{93F9843E-053C-28D1-28AC-F9CAB5159744}"
EndProject
Project("{FAE04EC0-301F-11D3-BF4B-00C04F79EFBC}") = "robotProgramming-Editor", "robotProgramming-Editor.csproj", "{C8235D4D-C3C9-9569-D0A8-36131C482666}"
EndProject
Global
	GlobalSection(SolutionConfigurationPlatforms) = preSolution
		Debug|Any CPU = Debug|Any CPU
		Release|Any CPU = Release|Any CPU
	EndGlobalSection
	GlobalSection(ProjectConfigurationPlatforms) = postSolution
		{93F9843E-053C-28D1-28AC-F9CAB5159744}.Debug|Any CPU.ActiveCfg = Debug|Any CPU
		{93F9843E-053C-28D1-28AC-F9CAB5159744}.Debug|Any CPU.Build.0 = Debug|Any CPU
		{93F9843E-053C-28D1-28AC-F9CAB5159744}.Release|Any CPU.ActiveCfg = Release|Any CPU
		{93F9843E-053C-28D1-28AC-F9CAB5159744}.Release|Any CPU.Build.0 = Release|Any CPU
		{C8235D4D-C3C9-9569-D0A8-36131C482666}.Debug|Any CPU.ActiveCfg = Debug|Any CPU
		{C8235D4D-C3C9-9569-D0A8-36131C482666}.Debug|Any CPU.Build.0 = Debug|Any CPU
		{C8235D4D-C3C9-9569-D0A8-36131C482666}.Release|Any CPU.ActiveCfg = Release|Any CPU
		{C8235D4D-C3C9-9569-D0A8-36131C482666}.Release|Any CPU.Build.0 = Release|Any CPU
	EndGlobalSection
	GlobalSection(SolutionProperties) = preSolution
		HideSolutionNode = FALSE
	EndGlobalSection
	GlobalSection(MonoDevelopProperties) = preSolution
		StartupItem = robotProgramming.csproj
	EndGlobalSection
EndGlobal
