
Microsoft Visual Studio Solution File, Format Version 11.00
# Visual Studio 2010
Project("{FAE04EC0-301F-11D3-BF4B-00C04F79EFBC}") = "Assembly-CSharp", "Assembly-CSharp.csproj", "{56131BC7-790B-5735-4794-349FB5CF4561}"
EndProject
Project("{FAE04EC0-301F-11D3-BF4B-00C04F79EFBC}") = "Assembly-CSharp-Editor", "Assembly-CSharp-Editor.csproj", "{096F887F-7F00-8C9E-7A5B-4A2E8C75FBAE}"
EndProject
Global
	GlobalSection(SolutionConfigurationPlatforms) = preSolution
		Debug|Any CPU = Debug|Any CPU
		Release|Any CPU = Release|Any CPU
	EndGlobalSection
	GlobalSection(ProjectConfigurationPlatforms) = postSolution
		{56131BC7-790B-5735-4794-349FB5CF4561}.Debug|Any CPU.ActiveCfg = Debug|Any CPU
		{56131BC7-790B-5735-4794-349FB5CF4561}.Debug|Any CPU.Build.0 = Debug|Any CPU
		{56131BC7-790B-5735-4794-349FB5CF4561}.Release|Any CPU.ActiveCfg = Release|Any CPU
		{56131BC7-790B-5735-4794-349FB5CF4561}.Release|Any CPU.Build.0 = Release|Any CPU
		{096F887F-7F00-8C9E-7A5B-4A2E8C75FBAE}.Debug|Any CPU.ActiveCfg = Debug|Any CPU
		{096F887F-7F00-8C9E-7A5B-4A2E8C75FBAE}.Debug|Any CPU.Build.0 = Debug|Any CPU
		{096F887F-7F00-8C9E-7A5B-4A2E8C75FBAE}.Release|Any CPU.ActiveCfg = Release|Any CPU
		{096F887F-7F00-8C9E-7A5B-4A2E8C75FBAE}.Release|Any CPU.Build.0 = Release|Any CPU
	EndGlobalSection
	GlobalSection(SolutionProperties) = preSolution
		HideSolutionNode = FALSE
	EndGlobalSection
	GlobalSection(MonoDevelopProperties) = preSolution
		StartupItem = Assembly-CSharp.csproj
	EndGlobalSection
EndGlobal
